
Microsoft Visual Studio Solution File, Format Version 12.00
# Visual Studio Version 17
VisualStudioVersion = 17.1.32328.378
MinimumVisualStudioVersion = 10.0.40219.1
Project("{FAE04EC0-301F-11D3-BF4B-00C04F79EFBC}") = "WebAppMVC_EF", "WebAppMVC_EF\WebAppMVC_EF.csproj", "{BB272C06-7EDB-442F-84BE-2608DE7ACF79}"
EndProject
Global
	GlobalSection(SolutionConfigurationPlatforms) = preSolution
		Debug|Any CPU = Debug|Any CPU
		Release|Any CPU = Release|Any CPU
	EndGlobalSection
	GlobalSection(ProjectConfigurationPlatforms) = postSolution
		{BB272C06-7EDB-442F-84BE-2608DE7ACF79}.Debug|Any CPU.ActiveCfg = Debug|Any CPU
		{BB272C06-7EDB-442F-84BE-2608DE7ACF79}.Debug|Any CPU.Build.0 = Debug|Any CPU
		{BB272C06-7EDB-442F-84BE-2608DE7ACF79}.Release|Any CPU.ActiveCfg = Release|Any CPU
		{BB272C06-7EDB-442F-84BE-2608DE7ACF79}.Release|Any CPU.Build.0 = Release|Any CPU
	EndGlobalSection
	GlobalSection(SolutionProperties) = preSolution
		HideSolutionNode = FALSE
	EndGlobalSection
	GlobalSection(ExtensibilityGlobals) = postSolution
		SolutionGuid = {C5BE8822-5094-41A5-B794-E3707B83CD84}
	EndGlobalSection
EndGlobal
